
Microsoft Visual Studio Solution File, Format Version 12.00
# Visual Studio Version 17
VisualStudioVersion = 17.1.32319.34
MinimumVisualStudioVersion = 10.0.40219.1
Project("{FAE04EC0-301F-11D3-BF4B-00C04F79EFBC}") = "Adi", "Adi\Adi.csproj", "{71FD9D67-ED58-4B52-9F2C-4833F4609009}"
EndProject
Global
	GlobalSection(SolutionConfigurationPlatforms) = preSolution
		Debug|Any CPU = Debug|Any CPU
		Release|Any CPU = Release|Any CPU
	EndGlobalSection
	GlobalSection(ProjectConfigurationPlatforms) = postSolution
		{71FD9D67-ED58-4B52-9F2C-4833F4609009}.Debug|Any CPU.ActiveCfg = Debug|Any CPU
		{71FD9D67-ED58-4B52-9F2C-4833F4609009}.Debug|Any CPU.Build.0 = Debug|Any CPU
		{71FD9D67-ED58-4B52-9F2C-4833F4609009}.Release|Any CPU.ActiveCfg = Release|Any CPU
		{71FD9D67-ED58-4B52-9F2C-4833F4609009}.Release|Any CPU.Build.0 = Release|Any CPU
	EndGlobalSection
	GlobalSection(SolutionProperties) = preSolution
		HideSolutionNode = FALSE
	EndGlobalSection
	GlobalSection(ExtensibilityGlobals) = postSolution
		SolutionGuid = {B07C0CA2-0235-412F-B8A9-55497BC7C357}
	EndGlobalSection
EndGlobal
